
Microsoft Visual Studio Solution File, Format Version 11.00
# Visual Studio 2010
Project("{FAE04EC0-301F-11D3-BF4B-00C04F79EFBC}") = "NetJQWidgets", "NetJQWidgets\NetJQWidgets.csproj", "{BBF3CA76-603F-40B0-8837-51876F7B9D95}"
EndProject
Project("{FAE04EC0-301F-11D3-BF4B-00C04F79EFBC}") = "LibJqWeigets", "LibJqWeigets\LibJqWeigets.csproj", "{31CD6AFF-CB0C-4243-9D9C-5BD62E102630}"
EndProject
Global
	GlobalSection(SolutionConfigurationPlatforms) = preSolution
		Debug|Any CPU = Debug|Any CPU
		Release|Any CPU = Release|Any CPU
	EndGlobalSection
	GlobalSection(ProjectConfigurationPlatforms) = postSolution
		{BBF3CA76-603F-40B0-8837-51876F7B9D95}.Debug|Any CPU.ActiveCfg = Debug|Any CPU
		{BBF3CA76-603F-40B0-8837-51876F7B9D95}.Debug|Any CPU.Build.0 = Debug|Any CPU
		{BBF3CA76-603F-40B0-8837-51876F7B9D95}.Release|Any CPU.ActiveCfg = Release|Any CPU
		{BBF3CA76-603F-40B0-8837-51876F7B9D95}.Release|Any CPU.Build.0 = Release|Any CPU
		{31CD6AFF-CB0C-4243-9D9C-5BD62E102630}.Debug|Any CPU.ActiveCfg = Debug|Any CPU
		{31CD6AFF-CB0C-4243-9D9C-5BD62E102630}.Debug|Any CPU.Build.0 = Debug|Any CPU
		{31CD6AFF-CB0C-4243-9D9C-5BD62E102630}.Release|Any CPU.ActiveCfg = Release|Any CPU
		{31CD6AFF-CB0C-4243-9D9C-5BD62E102630}.Release|Any CPU.Build.0 = Release|Any CPU
	EndGlobalSection
	GlobalSection(SolutionProperties) = preSolution
		HideSolutionNode = FALSE
	EndGlobalSection
EndGlobal
